
Microsoft Visual Studio Solution File, Format Version 12.00
# Visual Studio Version 17
VisualStudioVersion = 17.0.31611.283
MinimumVisualStudioVersion = 10.0.40219.1
Project("{9A19103F-16F7-4668-BE54-9A1E7A4F7556}") = "MyMauiApp", "MyMauiApp.csproj", "{A0FCA63F-EDC0-4F19-BF30-433E7E2939E8}"
EndProject
Project("{9A19103F-16F7-4668-BE54-9A1E7A4F7556}") = "azure_log_binding", "..\MAUIAndroidBindings\azure_log_binding\azure_log_binding.csproj", "{DAC45810-201F-43C2-84B0-724F26A8A432}"
EndProject
Project("{9A19103F-16F7-4668-BE54-9A1E7A4F7556}") = "azure_core_binding", "..\MAUIAndroidBindings\azure_core_binding\azure_core_binding.csproj", "{BEAD8521-FA75-411D-985D-B255BC4B03B6}"
EndProject
Project("{9A19103F-16F7-4668-BE54-9A1E7A4F7556}") = "azure_common_binding", "..\MAUIAndroidBindings\azure_common_binding\azure_common_binding.csproj", "{CE5E9364-F732-414D-8D39-8C21C77EA93F}"
EndProject
Project("{9A19103F-16F7-4668-BE54-9A1E7A4F7556}") = "acs_ui_library_calling_binding", "..\MAUIAndroidBindings\acs_ui_library_calling_binding\acs_ui_library_calling_binding.csproj", "{2C2EDA65-5775-4B66-87B8-8E7C7D32036A}"
EndProject
Project("{9A19103F-16F7-4668-BE54-9A1E7A4F7556}") = "iOS.CallingUI.Binding", "..\MAUIiOSBindings\iOS.CallingUI.Binding\iOS.CallingUI.Binding.csproj", "{D531D930-B6CD-4B54-A63B-808C86593969}"
EndProject
Global
	GlobalSection(SolutionConfigurationPlatforms) = preSolution
		Debug|Any CPU = Debug|Any CPU
		Release|Any CPU = Release|Any CPU
	EndGlobalSection
	GlobalSection(ProjectConfigurationPlatforms) = postSolution
		{A0FCA63F-EDC0-4F19-BF30-433E7E2939E8}.Debug|Any CPU.ActiveCfg = Debug|Any CPU
		{A0FCA63F-EDC0-4F19-BF30-433E7E2939E8}.Debug|Any CPU.Build.0 = Debug|Any CPU
		{A0FCA63F-EDC0-4F19-BF30-433E7E2939E8}.Debug|Any CPU.Deploy.0 = Debug|Any CPU
		{A0FCA63F-EDC0-4F19-BF30-433E7E2939E8}.Release|Any CPU.ActiveCfg = Release|Any CPU
		{A0FCA63F-EDC0-4F19-BF30-433E7E2939E8}.Release|Any CPU.Build.0 = Release|Any CPU
		{A0FCA63F-EDC0-4F19-BF30-433E7E2939E8}.Release|Any CPU.Deploy.0 = Release|Any CPU
		{DAC45810-201F-43C2-84B0-724F26A8A432}.Debug|Any CPU.ActiveCfg = Debug|Any CPU
		{DAC45810-201F-43C2-84B0-724F26A8A432}.Debug|Any CPU.Build.0 = Debug|Any CPU
		{DAC45810-201F-43C2-84B0-724F26A8A432}.Release|Any CPU.ActiveCfg = Release|Any CPU
		{DAC45810-201F-43C2-84B0-724F26A8A432}.Release|Any CPU.Build.0 = Release|Any CPU
		{BEAD8521-FA75-411D-985D-B255BC4B03B6}.Debug|Any CPU.ActiveCfg = Debug|Any CPU
		{BEAD8521-FA75-411D-985D-B255BC4B03B6}.Debug|Any CPU.Build.0 = Debug|Any CPU
		{BEAD8521-FA75-411D-985D-B255BC4B03B6}.Release|Any CPU.ActiveCfg = Release|Any CPU
		{BEAD8521-FA75-411D-985D-B255BC4B03B6}.Release|Any CPU.Build.0 = Release|Any CPU
		{CE5E9364-F732-414D-8D39-8C21C77EA93F}.Debug|Any CPU.ActiveCfg = Debug|Any CPU
		{CE5E9364-F732-414D-8D39-8C21C77EA93F}.Debug|Any CPU.Build.0 = Debug|Any CPU
		{CE5E9364-F732-414D-8D39-8C21C77EA93F}.Release|Any CPU.ActiveCfg = Release|Any CPU
		{CE5E9364-F732-414D-8D39-8C21C77EA93F}.Release|Any CPU.Build.0 = Release|Any CPU
		{2C2EDA65-5775-4B66-87B8-8E7C7D32036A}.Debug|Any CPU.ActiveCfg = Debug|Any CPU
		{2C2EDA65-5775-4B66-87B8-8E7C7D32036A}.Debug|Any CPU.Build.0 = Debug|Any CPU
		{2C2EDA65-5775-4B66-87B8-8E7C7D32036A}.Release|Any CPU.ActiveCfg = Release|Any CPU
		{2C2EDA65-5775-4B66-87B8-8E7C7D32036A}.Release|Any CPU.Build.0 = Release|Any CPU
		{D531D930-B6CD-4B54-A63B-808C86593969}.Debug|Any CPU.ActiveCfg = Debug|Any CPU
		{D531D930-B6CD-4B54-A63B-808C86593969}.Debug|Any CPU.Build.0 = Debug|Any CPU
		{D531D930-B6CD-4B54-A63B-808C86593969}.Release|Any CPU.ActiveCfg = Release|Any CPU
		{D531D930-B6CD-4B54-A63B-808C86593969}.Release|Any CPU.Build.0 = Release|Any CPU
	EndGlobalSection
	GlobalSection(SolutionProperties) = preSolution
		HideSolutionNode = FALSE
	EndGlobalSection
	GlobalSection(ExtensibilityGlobals) = postSolution
		SolutionGuid = {61F7FB11-1E47-470C-91E2-47F8143E1572}
	EndGlobalSection
EndGlobal
