
Microsoft Visual Studio Solution File, Format Version 12.00
# Visual Studio Version 16
VisualStudioVersion = 25.0.1704.0
MinimumVisualStudioVersion = 10.0.40219.1
Project("{FAE04EC0-301F-11D3-BF4B-00C04F79EFBC}") = "iOS.CallingUI.Binding", "iOS.CallingUI.Binding.csproj", "{C3184F27-ECE4-4F9B-ADE6-706A3CCDF75F}"
EndProject
Global
	GlobalSection(SolutionConfigurationPlatforms) = preSolution
		Debug|Any CPU = Debug|Any CPU
		Release|Any CPU = Release|Any CPU
	EndGlobalSection
	GlobalSection(ProjectConfigurationPlatforms) = postSolution
		{C3184F27-ECE4-4F9B-ADE6-706A3CCDF75F}.Debug|Any CPU.ActiveCfg = Debug|Any CPU
		{C3184F27-ECE4-4F9B-ADE6-706A3CCDF75F}.Debug|Any CPU.Build.0 = Debug|Any CPU
		{C3184F27-ECE4-4F9B-ADE6-706A3CCDF75F}.Release|Any CPU.ActiveCfg = Release|Any CPU
		{C3184F27-ECE4-4F9B-ADE6-706A3CCDF75F}.Release|Any CPU.Build.0 = Release|Any CPU
	EndGlobalSection
	GlobalSection(SolutionProperties) = preSolution
		HideSolutionNode = FALSE
	EndGlobalSection
	GlobalSection(ExtensibilityGlobals) = postSolution
		SolutionGuid = {1AB55CC8-824D-4786-A08A-600D15413332}
	EndGlobalSection
EndGlobal
